
Microsoft Visual Studio Solution File, Format Version 12.00
# Visual Studio Version 16
VisualStudioVersion = 16.0.32413.511
MinimumVisualStudioVersion = 10.0.40219.1
Project("{FAE04EC0-301F-11D3-BF4B-00C04F79EFBC}") = "GameSalesApp_FDP", "GameSalesApp_FDP\GameSalesApp_FDP.csproj", "{FC127CC4-D687-4947-B789-58ECC4A8A92C}"
EndProject
Global
	GlobalSection(SolutionConfigurationPlatforms) = preSolution
		Debug|Any CPU = Debug|Any CPU
		Release|Any CPU = Release|Any CPU
	EndGlobalSection
	GlobalSection(ProjectConfigurationPlatforms) = postSolution
		{FC127CC4-D687-4947-B789-58ECC4A8A92C}.Debug|Any CPU.ActiveCfg = Debug|Any CPU
		{FC127CC4-D687-4947-B789-58ECC4A8A92C}.Debug|Any CPU.Build.0 = Debug|Any CPU
		{FC127CC4-D687-4947-B789-58ECC4A8A92C}.Release|Any CPU.ActiveCfg = Release|Any CPU
		{FC127CC4-D687-4947-B789-58ECC4A8A92C}.Release|Any CPU.Build.0 = Release|Any CPU
	EndGlobalSection
	GlobalSection(SolutionProperties) = preSolution
		HideSolutionNode = FALSE
	EndGlobalSection
	GlobalSection(ExtensibilityGlobals) = postSolution
		SolutionGuid = {E440F547-B9B0-48C0-B770-A54AE7F05E36}
	EndGlobalSection
EndGlobal
